
Microsoft Visual Studio Solution File, Format Version 12.00
# Visual Studio 14
VisualStudioVersion = 14.0.23107.0
MinimumVisualStudioVersion = 10.0.40219.1
Project("{FAE04EC0-301F-11D3-BF4B-00C04F79EFBC}") = "Tpmaisonconstuct", "Tpmaisonconstuct\Tpmaisonconstuct.csproj", "{61E1F690-B134-453A-85E2-122E0F1364BA}"
EndProject
Global
	GlobalSection(SolutionConfigurationPlatforms) = preSolution
		Debug|Any CPU = Debug|Any CPU
		Release|Any CPU = Release|Any CPU
	EndGlobalSection
	GlobalSection(ProjectConfigurationPlatforms) = postSolution
		{61E1F690-B134-453A-85E2-122E0F1364BA}.Debug|Any CPU.ActiveCfg = Debug|Any CPU
		{61E1F690-B134-453A-85E2-122E0F1364BA}.Debug|Any CPU.Build.0 = Debug|Any CPU
		{61E1F690-B134-453A-85E2-122E0F1364BA}.Release|Any CPU.ActiveCfg = Release|Any CPU
		{61E1F690-B134-453A-85E2-122E0F1364BA}.Release|Any CPU.Build.0 = Release|Any CPU
	EndGlobalSection
	GlobalSection(SolutionProperties) = preSolution
		HideSolutionNode = FALSE
	EndGlobalSection
EndGlobal
